
Microsoft Visual Studio Solution File, Format Version 12.00
# Visual Studio Version 17
VisualStudioVersion = 17.12.35527.113
MinimumVisualStudioVersion = 10.0.40219.1
Project("{FAE04EC0-301F-11D3-BF4B-00C04F79EFBC}") = "RecrutingApi", "RecrutingApi\RecrutingApi.csproj", "{A7FAF26A-439B-4162-972F-10F5B7E0301E}"
EndProject
Project("{2150E333-8FDC-42A3-9474-1A3956D46DE8}") = "SolutionsItems", "SolutionsItems", "{2AA7E8BD-8CF7-48B7-88B2-C92CC7E3C2DD}"
	ProjectSection(SolutionItems) = preProject
		changeLog.md = changeLog.md
	EndProjectSection
EndProject
Project("{2150E333-8FDC-42A3-9474-1A3956D46DE8}") = "PostmanTestFiles", "PostmanTestFiles", "{8C823F07-97DF-48C9-9D80-AE118232F7DB}"
	ProjectSection(SolutionItems) = preProject
		..\..\..\Desktop\Candidate.postman_collection.json = ..\..\..\Desktop\Candidate.postman_collection.json
		..\..\..\Desktop\Document.postman_collection.json = ..\..\..\Desktop\Document.postman_collection.json
		..\..\..\Desktop\General.postman_collection.json = ..\..\..\Desktop\General.postman_collection.json
		..\..\..\Desktop\Recruiter.postman_collection.json = ..\..\..\Desktop\Recruiter.postman_collection.json
	EndProjectSection
EndProject
Global
	GlobalSection(SolutionConfigurationPlatforms) = preSolution
		Debug|Any CPU = Debug|Any CPU
		Release|Any CPU = Release|Any CPU
	EndGlobalSection
	GlobalSection(ProjectConfigurationPlatforms) = postSolution
		{A7FAF26A-439B-4162-972F-10F5B7E0301E}.Debug|Any CPU.ActiveCfg = Debug|Any CPU
		{A7FAF26A-439B-4162-972F-10F5B7E0301E}.Debug|Any CPU.Build.0 = Debug|Any CPU
		{A7FAF26A-439B-4162-972F-10F5B7E0301E}.Release|Any CPU.ActiveCfg = Release|Any CPU
		{A7FAF26A-439B-4162-972F-10F5B7E0301E}.Release|Any CPU.Build.0 = Release|Any CPU
	EndGlobalSection
	GlobalSection(SolutionProperties) = preSolution
		HideSolutionNode = FALSE
	EndGlobalSection
EndGlobal
